
Microsoft Visual Studio Solution File, Format Version 12.00
# Visual Studio Version 17
VisualStudioVersion = 17.3.32922.545
MinimumVisualStudioVersion = 10.0.40219.1
Project("{9A19103F-16F7-4668-BE54-9A1E7A4F7556}") = "WebApplication14", "WebApplication14\WebApplication14.csproj", "{A7482591-ED00-4E6E-9B14-CDD7BBD4A664}"
EndProject
Project("{FAE04EC0-301F-11D3-BF4B-00C04F79EFBC}") = "ConsoleApp1", "ConsoleApp1\ConsoleApp1.csproj", "{DC176A8B-6B7A-4E3E-A6EB-EA99F6B91B96}"
EndProject
Global
	GlobalSection(SolutionConfigurationPlatforms) = preSolution
		Debug|Any CPU = Debug|Any CPU
		Release|Any CPU = Release|Any CPU
	EndGlobalSection
	GlobalSection(ProjectConfigurationPlatforms) = postSolution
		{A7482591-ED00-4E6E-9B14-CDD7BBD4A664}.Debug|Any CPU.ActiveCfg = Debug|Any CPU
		{A7482591-ED00-4E6E-9B14-CDD7BBD4A664}.Debug|Any CPU.Build.0 = Debug|Any CPU
		{A7482591-ED00-4E6E-9B14-CDD7BBD4A664}.Release|Any CPU.ActiveCfg = Release|Any CPU
		{A7482591-ED00-4E6E-9B14-CDD7BBD4A664}.Release|Any CPU.Build.0 = Release|Any CPU
		{DC176A8B-6B7A-4E3E-A6EB-EA99F6B91B96}.Debug|Any CPU.ActiveCfg = Debug|Any CPU
		{DC176A8B-6B7A-4E3E-A6EB-EA99F6B91B96}.Debug|Any CPU.Build.0 = Debug|Any CPU
		{DC176A8B-6B7A-4E3E-A6EB-EA99F6B91B96}.Release|Any CPU.ActiveCfg = Release|Any CPU
		{DC176A8B-6B7A-4E3E-A6EB-EA99F6B91B96}.Release|Any CPU.Build.0 = Release|Any CPU
	EndGlobalSection
	GlobalSection(SolutionProperties) = preSolution
		HideSolutionNode = FALSE
	EndGlobalSection
	GlobalSection(ExtensibilityGlobals) = postSolution
		SolutionGuid = {549CC0B8-EBBB-4062-8F7F-BAAE36834E66}
	EndGlobalSection
EndGlobal
